{
  "name": "mecro",
  "version": "1.0.0",
  "lockfileVersion": 2,
  "requires": true,
  "packages": {
    "": {
      "name": "mecro",
      "version": "1.0.0",
      "license": "ISC",
      "dependencies": {
        "colyseus.js": "^0.15.15"
      }
    },
    "node_modules/@colyseus/schema": {
      "version": "2.0.26",
      "resolved": "https://registry.npmjs.org/@colyseus/schema/-/schema-2.0.26.tgz",
      "integrity": "sha512-i+4WE0sSC6UDQhFE+CQ+SjE5XmJNmBLrhCZIlZnH2/4xt86xG0ejek20KQX9xJlSrkJB+6DDWfix/a1vzvax+Q==",
      "bin": {
        "schema-codegen": "bin/schema-codegen"
      }
    },
    "node_modules/colyseus.js": {
      "version": "0.15.15",
      "resolved": "https://registry.npmjs.org/colyseus.js/-/colyseus.js-0.15.15.tgz",
      "integrity": "sha512-AKGP8ZZAYh/Vpm+sD2efjGTsxLUJ7sW0tptVed1z9ANqEsDiwW7SEkgqMTib4UHLJf7gC9bhmEEHGsjozUlhag==",
      "dependencies": {
        "@colyseus/schema": "^2.0.4",
        "httpie": "^2.0.0-next.13",
        "tslib": "^2.1.0",
        "ws": "^8.13.0"
      },
      "engines": {
        "node": ">= 12.x"
      },
      "funding": {
        "url": "https://github.com/sponsors/endel"
      }
    },
    "node_modules/httpie": {
      "version": "2.0.0-next.13",
      "resolved": "https://registry.npmjs.org/httpie/-/httpie-2.0.0-next.13.tgz",
      "integrity": "sha512-KbKOnq8wt0hVEfteYCSnEsPgzaWxcVc4qZ4OaDU9mVOYLRo3XChjWs3MiuRgFu5y+4JDo7sDKdKzkAn1ljQYFA==",
      "engines": {
        "node": ">=10"
      }
    },
    "node_modules/tslib": {
      "version": "2.6.2",
      "resolved": "https://registry.npmjs.org/tslib/-/tslib-2.6.2.tgz",
      "integrity": "sha512-AEYxH93jGFPn/a2iVAwW87VuUIkR1FVUKB77NwMF7nBTDkDrrT/Hpt/IrCJ0QXhW27jTBDcf5ZY7w6RiqTMw2Q=="
    },
    "node_modules/ws": {
      "version": "8.16.0",
      "resolved": "https://registry.npmjs.org/ws/-/ws-8.16.0.tgz",
      "integrity": "sha512-HS0c//TP7Ina87TfiPUz1rQzMhHrl/SG2guqRcTOIUYD2q8uhUdNHZYJUaQ8aTGPzCh+c6oawMKW35nFl1dxyQ==",
      "engines": {
        "node": ">=10.0.0"
      },
      "peerDependencies": {
        "bufferutil": "^4.0.1",
        "utf-8-validate": ">=5.0.2"
      },
      "peerDependenciesMeta": {
        "bufferutil": {
          "optional": true
        },
        "utf-8-validate": {
          "optional": true
        }
      }
    }
  },
  "dependencies": {
    "@colyseus/schema": {
      "version": "2.0.26",
      "resolved": "https://registry.npmjs.org/@colyseus/schema/-/schema-2.0.26.tgz",
      "integrity": "sha512-i+4WE0sSC6UDQhFE+CQ+SjE5XmJNmBLrhCZIlZnH2/4xt86xG0ejek20KQX9xJlSrkJB+6DDWfix/a1vzvax+Q=="
    },
    "colyseus.js": {
      "version": "0.15.15",
      "resolved": "https://registry.npmjs.org/colyseus.js/-/colyseus.js-0.15.15.tgz",
      "integrity": "sha512-AKGP8ZZAYh/Vpm+sD2efjGTsxLUJ7sW0tptVed1z9ANqEsDiwW7SEkgqMTib4UHLJf7gC9bhmEEHGsjozUlhag==",
      "requires": {
        "@colyseus/schema": "^2.0.4",
        "httpie": "^2.0.0-next.13",
        "tslib": "^2.1.0",
        "ws": "^8.13.0"
      }
    },
    "httpie": {
      "version": "2.0.0-next.13",
      "resolved": "https://registry.npmjs.org/httpie/-/httpie-2.0.0-next.13.tgz",
      "integrity": "sha512-KbKOnq8wt0hVEfteYCSnEsPgzaWxcVc4qZ4OaDU9mVOYLRo3XChjWs3MiuRgFu5y+4JDo7sDKdKzkAn1ljQYFA=="
    },
    "tslib": {
      "version": "2.6.2",
      "resolved": "https://registry.npmjs.org/tslib/-/tslib-2.6.2.tgz",
      "integrity": "sha512-AEYxH93jGFPn/a2iVAwW87VuUIkR1FVUKB77NwMF7nBTDkDrrT/Hpt/IrCJ0QXhW27jTBDcf5ZY7w6RiqTMw2Q=="
    },
    "ws": {
      "version": "8.16.0",
      "resolved": "https://registry.npmjs.org/ws/-/ws-8.16.0.tgz",
      "integrity": "sha512-HS0c//TP7Ina87TfiPUz1rQzMhHrl/SG2guqRcTOIUYD2q8uhUdNHZYJUaQ8aTGPzCh+c6oawMKW35nFl1dxyQ==",
      "requires": {}
    }
  }
}
